
Microsoft Visual Studio Solution File, Format Version 12.00
# Visual Studio Version 16
VisualStudioVersion = 16.0.29403.142
MinimumVisualStudioVersion = 10.0.40219.1
Project("{FAE04EC0-301F-11D3-BF4B-00C04F79EFBC}") = "TokioCity.Android", "TokioCity\TokioCity.Android\TokioCity.Android.csproj", "{48BC6669-0F39-479B-A63D-02B1D81C7012}"
EndProject
Project("{FAE04EC0-301F-11D3-BF4B-00C04F79EFBC}") = "TokioCity", "TokioCity\TokioCity\TokioCity.csproj", "{7A0D1D2A-2206-44C7-BB6C-99800F7F429C}"
EndProject
Global
	GlobalSection(SolutionConfigurationPlatforms) = preSolution
		Debug|Any CPU = Debug|Any CPU
		Release|Any CPU = Release|Any CPU
	EndGlobalSection
	GlobalSection(ProjectConfigurationPlatforms) = postSolution
		{48BC6669-0F39-479B-A63D-02B1D81C7012}.Debug|Any CPU.ActiveCfg = Debug|Any CPU
		{48BC6669-0F39-479B-A63D-02B1D81C7012}.Debug|Any CPU.Build.0 = Debug|Any CPU
		{48BC6669-0F39-479B-A63D-02B1D81C7012}.Debug|Any CPU.Deploy.0 = Debug|Any CPU
		{48BC6669-0F39-479B-A63D-02B1D81C7012}.Release|Any CPU.ActiveCfg = Release|Any CPU
		{48BC6669-0F39-479B-A63D-02B1D81C7012}.Release|Any CPU.Build.0 = Release|Any CPU
		{48BC6669-0F39-479B-A63D-02B1D81C7012}.Release|Any CPU.Deploy.0 = Release|Any CPU
		{7A0D1D2A-2206-44C7-BB6C-99800F7F429C}.Debug|Any CPU.ActiveCfg = Debug|Any CPU
		{7A0D1D2A-2206-44C7-BB6C-99800F7F429C}.Debug|Any CPU.Build.0 = Debug|Any CPU
		{7A0D1D2A-2206-44C7-BB6C-99800F7F429C}.Debug|Any CPU.Deploy.0 = Debug|Any CPU
		{7A0D1D2A-2206-44C7-BB6C-99800F7F429C}.Release|Any CPU.ActiveCfg = Release|Any CPU
		{7A0D1D2A-2206-44C7-BB6C-99800F7F429C}.Release|Any CPU.Build.0 = Release|Any CPU
		{7A0D1D2A-2206-44C7-BB6C-99800F7F429C}.Release|Any CPU.Deploy.0 = Release|Any CPU
	EndGlobalSection
	GlobalSection(SolutionProperties) = preSolution
		HideSolutionNode = FALSE
	EndGlobalSection
	GlobalSection(ExtensibilityGlobals) = postSolution
		SolutionGuid = {2C82DDA9-E591-40F0-9693-C2869D8FBE72}
	EndGlobalSection
EndGlobal
